// !$*UTF8*$!
{
	archiveVersion = 1;
	classes = {
	};
	objectVersion = 46;
	objects = {

/* Begin PBXBuildFile section */
		50C2951D16BC053000995585 /* Cocoa.framework in Frameworks */ = {isa = PBXBuildFile; fileRef = 50C2951C16BC053000995585 /* Cocoa.framework */; };
		50C2952716BC053000995585 /* InfoPlist.strings in Resources */ = {isa = PBXBuildFile; fileRef = 50C2952516BC053000995585 /* InfoPlist.strings */; };
		50C2952916BC053000995585 /* main.m in Sources */ = {isa = PBXBuildFile; fileRef = 50C2952816BC053000995585 /* main.m */; };
		50C2952D16BC053000995585 /* Credits.rtf in Resources */ = {isa = PBXBuildFile; fileRef = 50C2952B16BC053000995585 /* Credits.rtf */; };
		50C2953016BC053000995585 /* DKAppDelegate.m in Sources */ = {isa = PBXBuildFile; fileRef = 50C2952F16BC053000995585 /* DKAppDelegate.m */; };
		50C2953316BC053000995585 /* MainMenu.xib in Resources */ = {isa = PBXBuildFile; fileRef = 50C2953116BC053000995585 /* MainMenu.xib */; };
		50C2953B16BC054200995585 /* iTunesPluginHost.m in Sources */ = {isa = PBXBuildFile; fileRef = 50C2953A16BC054200995585 /* iTunesPluginHost.m */; };
		50C2954016BC143100995585 /* iTunesPlugin.m in Sources */ = {isa = PBXBuildFile; fileRef = 50C2953F16BC143100995585 /* iTunesPlugin.m */; settings = {COMPILER_FLAGS = "-fno-objc-arc"; }; };
		50C2954316BC1FAE00995585 /* iTunesVisualPlugin.m in Sources */ = {isa = PBXBuildFile; fileRef = 50C2954216BC1FAD00995585 /* iTunesVisualPlugin.m */; settings = {COMPILER_FLAGS = "-fno-objc-arc"; }; };
		50C2954516BC2A4800995585 /* iTunesAPI.cpp in Sources */ = {isa = PBXBuildFile; fileRef = 50C2954416BC2A4800995585 /* iTunesAPI.cpp */; };
/* End PBXBuildFile section */

/* Begin PBXFileReference section */
		50C2951916BC053000995585 /* iTunesPluginHost.app */ = {isa = PBXFileReference; explicitFileType = wrapper.application; includeInIndex = 0; path = iTunesPluginHost.app; sourceTree = BUILT_PRODUCTS_DIR; };
		50C2951C16BC053000995585 /* Cocoa.framework */ = {isa = PBXFileReference; lastKnownFileType = wrapper.framework; name = Cocoa.framework; path = System/Library/Frameworks/Cocoa.framework; sourceTree = SDKROOT; };
		50C2951F16BC053000995585 /* AppKit.framework */ = {isa = PBXFileReference; lastKnownFileType = wrapper.framework; name = AppKit.framework; path = System/Library/Frameworks/AppKit.framework; sourceTree = SDKROOT; };
		50C2952016BC053000995585 /* CoreData.framework */ = {isa = PBXFileReference; lastKnownFileType = wrapper.framework; name = CoreData.framework; path = System/Library/Frameworks/CoreData.framework; sourceTree = SDKROOT; };
		50C2952116BC053000995585 /* Foundation.framework */ = {isa = PBXFileReference; lastKnownFileType = wrapper.framework; name = Foundation.framework; path = System/Library/Frameworks/Foundation.framework; sourceTree = SDKROOT; };
		50C2952416BC053000995585 /* iTunesPluginHost-Info.plist */ = {isa = PBXFileReference; lastKnownFileType = text.plist.xml; path = "iTunesPluginHost-Info.plist"; sourceTree = "<group>"; };
		50C2952616BC053000995585 /* en */ = {isa = PBXFileReference; lastKnownFileType = text.plist.strings; name = en; path = en.lproj/InfoPlist.strings; sourceTree = "<group>"; };
		50C2952816BC053000995585 /* main.m */ = {isa = PBXFileReference; lastKnownFileType = sourcecode.c.objc; path = main.m; sourceTree = "<group>"; };
		50C2952A16BC053000995585 /* iTunesPluginHost-Prefix.pch */ = {isa = PBXFileReference; lastKnownFileType = sourcecode.c.h; path = "iTunesPluginHost-Prefix.pch"; sourceTree = "<group>"; };
		50C2952C16BC053000995585 /* en */ = {isa = PBXFileReference; lastKnownFileType = text.rtf; name = en; path = en.lproj/Credits.rtf; sourceTree = "<group>"; };
		50C2952E16BC053000995585 /* DKAppDelegate.h */ = {isa = PBXFileReference; lastKnownFileType = sourcecode.c.h; path = DKAppDelegate.h; sourceTree = "<group>"; };
		50C2952F16BC053000995585 /* DKAppDelegate.m */ = {isa = PBXFileReference; lastKnownFileType = sourcecode.c.objc; path = DKAppDelegate.m; sourceTree = "<group>"; };
		50C2953216BC053000995585 /* en */ = {isa = PBXFileReference; lastKnownFileType = file.xib; name = en; path = en.lproj/MainMenu.xib; sourceTree = "<group>"; };
		50C2953916BC054200995585 /* iTunesPluginHost.h */ = {isa = PBXFileReference; fileEncoding = 4; lastKnownFileType = sourcecode.c.h; path = iTunesPluginHost.h; sourceTree = "<group>"; };
		50C2953A16BC054200995585 /* iTunesPluginHost.m */ = {isa = PBXFileReference; fileEncoding = 4; lastKnownFileType = sourcecode.c.objc; path = iTunesPluginHost.m; sourceTree = "<group>"; };
		50C2953C16BC060C00995585 /* iTunesAPI.h */ = {isa = PBXFileReference; lastKnownFileType = sourcecode.c.h; path = iTunesAPI.h; sourceTree = "<group>"; };
		50C2953D16BC060C00995585 /* iTunesVisualAPI.h */ = {isa = PBXFileReference; lastKnownFileType = sourcecode.c.h; path = iTunesVisualAPI.h; sourceTree = "<group>"; };
		50C2953E16BC143100995585 /* iTunesPlugin.h */ = {isa = PBXFileReference; fileEncoding = 4; lastKnownFileType = sourcecode.c.h; path = iTunesPlugin.h; sourceTree = "<group>"; };
		50C2953F16BC143100995585 /* iTunesPlugin.m */ = {isa = PBXFileReference; fileEncoding = 4; lastKnownFileType = sourcecode.c.objc; path = iTunesPlugin.m; sourceTree = "<group>"; };
		50C2954116BC1FAD00995585 /* iTunesVisualPlugin.h */ = {isa = PBXFileReference; fileEncoding = 4; lastKnownFileType = sourcecode.c.h; path = iTunesVisualPlugin.h; sourceTree = "<group>"; };
		50C2954216BC1FAD00995585 /* iTunesVisualPlugin.m */ = {isa = PBXFileReference; fileEncoding = 4; lastKnownFileType = sourcecode.c.objc; path = iTunesVisualPlugin.m; sourceTree = "<group>"; };
		50C2954416BC2A4800995585 /* iTunesAPI.cpp */ = {isa = PBXFileReference; fileEncoding = 4; lastKnownFileType = sourcecode.cpp.cpp; path = iTunesAPI.cpp; sourceTree = "<group>"; };
		50C2954616BC2D9E00995585 /* iTunesVisualPluginInternal.h */ = {isa = PBXFileReference; lastKnownFileType = sourcecode.c.h; path = iTunesVisualPluginInternal.h; sourceTree = "<group>"; };
/* End PBXFileReference section */

/* Begin PBXFrameworksBuildPhase section */
		50C2951616BC053000995585 /* Frameworks */ = {
			isa = PBXFrameworksBuildPhase;
			buildActionMask = 2147483647;
			files = (
				50C2951D16BC053000995585 /* Cocoa.framework in Frameworks */,
			);
			runOnlyForDeploymentPostprocessing = 0;
		};
/* End PBXFrameworksBuildPhase section */

/* Begin PBXGroup section */
		50C2951016BC053000995585 = {
			isa = PBXGroup;
			children = (
				50C2952216BC053000995585 /* iTunesPluginHost */,
				50C2951B16BC053000995585 /* Frameworks */,
				50C2951A16BC053000995585 /* Products */,
			);
			sourceTree = "<group>";
		};
		50C2951A16BC053000995585 /* Products */ = {
			isa = PBXGroup;
			children = (
				50C2951916BC053000995585 /* iTunesPluginHost.app */,
			);
			name = Products;
			sourceTree = "<group>";
		};
		50C2951B16BC053000995585 /* Frameworks */ = {
			isa = PBXGroup;
			children = (
				50C2951C16BC053000995585 /* Cocoa.framework */,
				50C2951E16BC053000995585 /* Other Frameworks */,
			);
			name = Frameworks;
			sourceTree = "<group>";
		};
		50C2951E16BC053000995585 /* Other Frameworks */ = {
			isa = PBXGroup;
			children = (
				50C2951F16BC053000995585 /* AppKit.framework */,
				50C2952016BC053000995585 /* CoreData.framework */,
				50C2952116BC053000995585 /* Foundation.framework */,
			);
			name = "Other Frameworks";
			sourceTree = "<group>";
		};
		50C2952216BC053000995585 /* iTunesPluginHost */ = {
			isa = PBXGroup;
			children = (
				50C2954716BC327800995585 /* iTunes API */,
				50C2952E16BC053000995585 /* DKAppDelegate.h */,
				50C2952F16BC053000995585 /* DKAppDelegate.m */,
				50C2953116BC053000995585 /* MainMenu.xib */,
				50C2953916BC054200995585 /* iTunesPluginHost.h */,
				50C2953A16BC054200995585 /* iTunesPluginHost.m */,
				50C2953E16BC143100995585 /* iTunesPlugin.h */,
				50C2953F16BC143100995585 /* iTunesPlugin.m */,
				50C2954116BC1FAD00995585 /* iTunesVisualPlugin.h */,
				50C2954616BC2D9E00995585 /* iTunesVisualPluginInternal.h */,
				50C2954216BC1FAD00995585 /* iTunesVisualPlugin.m */,
				50C2952316BC053000995585 /* Supporting Files */,
			);
			path = iTunesPluginHost;
			sourceTree = "<group>";
		};
		50C2952316BC053000995585 /* Supporting Files */ = {
			isa = PBXGroup;
			children = (
				50C2952416BC053000995585 /* iTunesPluginHost-Info.plist */,
				50C2952516BC053000995585 /* InfoPlist.strings */,
				50C2952816BC053000995585 /* main.m */,
				50C2952A16BC053000995585 /* iTunesPluginHost-Prefix.pch */,
				50C2952B16BC053000995585 /* Credits.rtf */,
			);
			name = "Supporting Files";
			sourceTree = "<group>";
		};
		50C2954716BC327800995585 /* iTunes API */ = {
			isa = PBXGroup;
			children = (
				50C2953C16BC060C00995585 /* iTunesAPI.h */,
				50C2953D16BC060C00995585 /* iTunesVisualAPI.h */,
				50C2954416BC2A4800995585 /* iTunesAPI.cpp */,
			);
			name = "iTunes API";
			sourceTree = "<group>";
		};
/* End PBXGroup section */

/* Begin PBXNativeTarget section */
		50C2951816BC053000995585 /* iTunesPluginHost */ = {
			isa = PBXNativeTarget;
			buildConfigurationList = 50C2953616BC053000995585 /* Build configuration list for PBXNativeTarget "iTunesPluginHost" */;
			buildPhases = (
				50C2951516BC053000995585 /* Sources */,
				50C2951616BC053000995585 /* Frameworks */,
				50C2951716BC053000995585 /* Resources */,
			);
			buildRules = (
			);
			dependencies = (
			);
			name = iTunesPluginHost;
			productName = iTunesPluginHost;
			productReference = 50C2951916BC053000995585 /* iTunesPluginHost.app */;
			productType = "com.apple.product-type.application";
		};
/* End PBXNativeTarget section */

/* Begin PBXProject section */
		50C2951116BC053000995585 /* Project object */ = {
			isa = PBXProject;
			attributes = {
				CLASSPREFIX = DK;
				LastUpgradeCheck = 0460;
				ORGANIZATIONNAME = "Daniel Kennett";
			};
			buildConfigurationList = 50C2951416BC053000995585 /* Build configuration list for PBXProject "iTunesPluginHost" */;
			compatibilityVersion = "Xcode 3.2";
			developmentRegion = English;
			hasScannedForEncodings = 0;
			knownRegions = (
				en,
			);
			mainGroup = 50C2951016BC053000995585;
			productRefGroup = 50C2951A16BC053000995585 /* Products */;
			projectDirPath = "";
			projectRoot = "";
			targets = (
				50C2951816BC053000995585 /* iTunesPluginHost */,
			);
		};
/* End PBXProject section */

/* Begin PBXResourcesBuildPhase section */
		50C2951716BC053000995585 /* Resources */ = {
			isa = PBXResourcesBuildPhase;
			buildActionMask = 2147483647;
			files = (
				50C2952716BC053000995585 /* InfoPlist.strings in Resources */,
				50C2952D16BC053000995585 /* Credits.rtf in Resources */,
				50C2953316BC053000995585 /* MainMenu.xib in Resources */,
			);
			runOnlyForDeploymentPostprocessing = 0;
		};
/* End PBXResourcesBuildPhase section */

/* Begin PBXSourcesBuildPhase section */
		50C2951516BC053000995585 /* Sources */ = {
			isa = PBXSourcesBuildPhase;
			buildActionMask = 2147483647;
			files = (
				50C2952916BC053000995585 /* main.m in Sources */,
				50C2953016BC053000995585 /* DKAppDelegate.m in Sources */,
				50C2953B16BC054200995585 /* iTunesPluginHost.m in Sources */,
				50C2954016BC143100995585 /* iTunesPlugin.m in Sources */,
				50C2954316BC1FAE00995585 /* iTunesVisualPlugin.m in Sources */,
				50C2954516BC2A4800995585 /* iTunesAPI.cpp in Sources */,
			);
			runOnlyForDeploymentPostprocessing = 0;
		};
/* End PBXSourcesBuildPhase section */

/* Begin PBXVariantGroup section */
		50C2952516BC053000995585 /* InfoPlist.strings */ = {
			isa = PBXVariantGroup;
			children = (
				50C2952616BC053000995585 /* en */,
			);
			name = InfoPlist.strings;
			sourceTree = "<group>";
		};
		50C2952B16BC053000995585 /* Credits.rtf */ = {
			isa = PBXVariantGroup;
			children = (
				50C2952C16BC053000995585 /* en */,
			);
			name = Credits.rtf;
			sourceTree = "<group>";
		};
		50C2953116BC053000995585 /* MainMenu.xib */ = {
			isa = PBXVariantGroup;
			children = (
				50C2953216BC053000995585 /* en */,
			);
			name = MainMenu.xib;
			sourceTree = "<group>";
		};
/* End PBXVariantGroup section */

/* Begin XCBuildConfiguration section */
		50C2953416BC053000995585 /* Debug */ = {
			isa = XCBuildConfiguration;
			buildSettings = {
				ALWAYS_SEARCH_USER_PATHS = NO;
				ARCHS = "$(ARCHS_STANDARD_64_BIT)";
				CLANG_CXX_LANGUAGE_STANDARD = "gnu++0x";
				CLANG_CXX_LIBRARY = "libc++";
				CLANG_ENABLE_OBJC_ARC = YES;
				CLANG_WARN_CONSTANT_CONVERSION = YES;
				CLANG_WARN_EMPTY_BODY = YES;
				CLANG_WARN_ENUM_CONVERSION = YES;
				CLANG_WARN_INT_CONVERSION = YES;
				CLANG_WARN__DUPLICATE_METHOD_MATCH = YES;
				COPY_PHASE_STRIP = NO;
				GCC_C_LANGUAGE_STANDARD = gnu99;
				GCC_DYNAMIC_NO_PIC = NO;
				GCC_ENABLE_OBJC_EXCEPTIONS = YES;
				GCC_OPTIMIZATION_LEVEL = 0;
				GCC_PREPROCESSOR_DEFINITIONS = (
					"DEBUG=1",
					"$(inherited)",
				);
				GCC_SYMBOLS_PRIVATE_EXTERN = NO;
				GCC_WARN_64_TO_32_BIT_CONVERSION = YES;
				GCC_WARN_ABOUT_RETURN_TYPE = YES;
				GCC_WARN_UNINITIALIZED_AUTOS = YES;
				GCC_WARN_UNUSED_VARIABLE = YES;
				MACOSX_DEPLOYMENT_TARGET = 10.8;
				ONLY_ACTIVE_ARCH = YES;
				SDKROOT = macosx;
			};
			name = Debug;
		};
		50C2953516BC053000995585 /* Release */ = {
			isa = XCBuildConfiguration;
			buildSettings = {
				ALWAYS_SEARCH_USER_PATHS = NO;
				ARCHS = "$(ARCHS_STANDARD_64_BIT)";
				CLANG_CXX_LANGUAGE_STANDARD = "gnu++0x";
				CLANG_CXX_LIBRARY = "libc++";
				CLANG_ENABLE_OBJC_ARC = YES;
				CLANG_WARN_CONSTANT_CONVERSION = YES;
				CLANG_WARN_EMPTY_BODY = YES;
				CLANG_WARN_ENUM_CONVERSION = YES;
				CLANG_WARN_INT_CONVERSION = YES;
				CLANG_WARN__DUPLICATE_METHOD_MATCH = YES;
				COPY_PHASE_STRIP = YES;
				DEBUG_INFORMATION_FORMAT = "dwarf-with-dsym";
				GCC_C_LANGUAGE_STANDARD = gnu99;
				GCC_ENABLE_OBJC_EXCEPTIONS = YES;
				GCC_WARN_64_TO_32_BIT_CONVERSION = YES;
				GCC_WARN_ABOUT_RETURN_TYPE = YES;
				GCC_WARN_UNINITIALIZED_AUTOS = YES;
				GCC_WARN_UNUSED_VARIABLE = YES;
				MACOSX_DEPLOYMENT_TARGET = 10.8;
				SDKROOT = macosx;
			};
			name = Release;
		};
		50C2953716BC053000995585 /* Debug */ = {
			isa = XCBuildConfiguration;
			buildSettings = {
				COMBINE_HIDPI_IMAGES = YES;
				GCC_PRECOMPILE_PREFIX_HEADER = YES;
				GCC_PREFIX_HEADER = "iTunesPluginHost/iTunesPluginHost-Prefix.pch";
				INFOPLIST_FILE = "iTunesPluginHost/iTunesPluginHost-Info.plist";
				PRODUCT_NAME = "$(TARGET_NAME)";
				WRAPPER_EXTENSION = app;
			};
			name = Debug;
		};
		50C2953816BC053000995585 /* Release */ = {
			isa = XCBuildConfiguration;
			buildSettings = {
				COMBINE_HIDPI_IMAGES = YES;
				GCC_PRECOMPILE_PREFIX_HEADER = YES;
				GCC_PREFIX_HEADER = "iTunesPluginHost/iTunesPluginHost-Prefix.pch";
				INFOPLIST_FILE = "iTunesPluginHost/iTunesPluginHost-Info.plist";
				PRODUCT_NAME = "$(TARGET_NAME)";
				WRAPPER_EXTENSION = app;
			};
			name = Release;
		};
/* End XCBuildConfiguration section */

/* Begin XCConfigurationList section */
		50C2951416BC053000995585 /* Build configuration list for PBXProject "iTunesPluginHost" */ = {
			isa = XCConfigurationList;
			buildConfigurations = (
				50C2953416BC053000995585 /* Debug */,
				50C2953516BC053000995585 /* Release */,
			);
			defaultConfigurationIsVisible = 0;
			defaultConfigurationName = Release;
		};
		50C2953616BC053000995585 /* Build configuration list for PBXNativeTarget "iTunesPluginHost" */ = {
			isa = XCConfigurationList;
			buildConfigurations = (
				50C2953716BC053000995585 /* Debug */,
				50C2953816BC053000995585 /* Release */,
			);
			defaultConfigurationIsVisible = 0;
		};
/* End XCConfigurationList section */
	};
	rootObject = 50C2951116BC053000995585 /* Project object */;
}
